{
  "version": 4,
  "terraform_version": "1.1.6",
  "serial": 68,
  "lineage": "bbb6feb6-cddb-a1f3-f7a8-f562385d763b",
  "outputs": {},
  "resources": [
    {
      "mode": "data",
      "type": "template_file",
      "name": "eng103a_project_template_file",
      "provider": "provider[\"registry.terraform.io/hashicorp/template\"]",
      "instances": [
        {
          "schema_version": 0,
          "attributes": {
            "filename": null,
            "id": "ad32b1ccdc78f0babd62c0e04f177244d72588e262ee7d68c8b6062a64676013",
            "rendered": "  #!/bin/bash\r\n\r\n  sudo su\r\n\r\n  kubeadm join 10.0.10.84:6443 --token tna5wy.kwuwvje2htmqnuun --discovery-token-ca-cert-hash sha256:a34aa9fb813a86379df56c57161edcd1fd516b207f87b36076e337921f07c6a0\r\n",
            "template": "  #!/bin/bash\r\n\r\n  sudo su\r\n\r\n  kubeadm join 10.0.10.84:6443 --token tna5wy.kwuwvje2htmqnuun --discovery-token-ca-cert-hash sha256:a34aa9fb813a86379df56c57161edcd1fd516b207f87b36076e337921f07c6a0\r\n",
            "vars": null
          },
          "sensitive_attributes": []
        }
      ]
    },
    {
      "mode": "managed",
      "type": "aws_autoscaling_attachment",
      "name": "eng103a_project_autoscaling_attachment",
      "provider": "provider[\"registry.terraform.io/hashicorp/aws\"]",
      "instances": [
        {
          "schema_version": 0,
          "attributes": {
            "alb_target_group_arn": "arn:aws:elasticloadbalancing:eu-west-1:135928476890:targetgroup/eng103a-project-asg/fc0fce84f7ab3e66",
            "autoscaling_group_name": "eng103a_project_asg",
            "elb": null,
            "id": "eng103a_project_asg-20220310115609550000000001",
            "lb_target_group_arn": null
          },
          "sensitive_attributes": [],
          "private": "bnVsbA==",
          "dependencies": [
            "aws_autoscaling_group.eng103a_project_asg",
            "aws_launch_template.eng103a_project_launch_configuration",
            "aws_lb_target_group.eng103a_project_target_group",
            "data.template_file.eng103a_project_template_file"
          ]
        }
      ]
    },
    {
      "mode": "managed",
      "type": "aws_autoscaling_group",
      "name": "eng103a_project_asg",
      "provider": "provider[\"registry.terraform.io/hashicorp/aws\"]",
      "instances": [
        {
          "schema_version": 0,
          "attributes": {
            "arn": "arn:aws:autoscaling:eu-west-1:135928476890:autoScalingGroup:9c918eea-a1fb-4989-a4d3-9152b685ca31:autoScalingGroupName/eng103a_project_asg",
            "availability_zones": [
              "eu-west-1a"
            ],
            "capacity_rebalance": false,
            "default_cooldown": 300,
            "desired_capacity": 1,
            "enabled_metrics": [],
            "force_delete": false,
            "force_delete_warm_pool": false,
            "health_check_grace_period": 300,
            "health_check_type": "EC2",
            "id": "eng103a_project_asg",
            "initial_lifecycle_hook": [],
            "instance_refresh": [],
            "launch_configuration": "eng103a-lc-20220310123602647800000001",
            "launch_template": [],
            "load_balancers": [],
            "max_instance_lifetime": 0,
            "max_size": 3,
            "metrics_granularity": "1Minute",
            "min_elb_capacity": null,
            "min_size": 1,
            "mixed_instances_policy": [],
            "name": "eng103a_project_asg",
            "name_prefix": "",
            "placement_group": "",
            "protect_from_scale_in": false,
            "service_linked_role_arn": "arn:aws:iam::135928476890:role/aws-service-role/autoscaling.amazonaws.com/AWSServiceRoleForAutoScaling",
            "suspended_processes": [],
            "tag": [],
            "tags": null,
            "target_group_arns": [],
            "termination_policies": [],
            "timeouts": null,
            "vpc_zone_identifier": [
              "subnet-065a0ff785a6dc741"
            ],
            "wait_for_capacity_timeout": "10m",
            "wait_for_elb_capacity": null,
            "warm_pool": []
          },
          "sensitive_attributes": [],
          "private": "eyJlMmJmYjczMC1lY2FhLTExZTYtOGY4OC0zNDM2M2JjN2M0YzAiOnsiZGVsZXRlIjo2MDAwMDAwMDAwMDB9fQ==",
          "dependencies": [
            "aws_launch_template.eng103a_project_launch_configuration",
            "data.template_file.eng103a_project_template_file"
          ]
        }
      ]
    },
    {
      "mode": "managed",
      "type": "aws_autoscaling_policy",
      "name": "eng103a_project_scale_down",
      "provider": "provider[\"registry.terraform.io/hashicorp/aws\"]",
      "instances": [
        {
          "schema_version": 0,
          "attributes": {
            "adjustment_type": "ChangeInCapacity",
            "arn": "arn:aws:autoscaling:eu-west-1:135928476890:scalingPolicy:9bc02417-e54a-4172-a8bc-3e3578629a4e:autoScalingGroupName/eng103a_project_asg:policyName/eng103a_project_scale_down",
            "autoscaling_group_name": "eng103a_project_asg",
            "cooldown": 300,
            "estimated_instance_warmup": 0,
            "id": "eng103a_project_scale_down",
            "metric_aggregation_type": "",
            "min_adjustment_magnitude": null,
            "name": "eng103a_project_scale_down",
            "policy_type": "SimpleScaling",
            "predictive_scaling_configuration": [],
            "scaling_adjustment": -1,
            "step_adjustment": [],
            "target_tracking_configuration": []
          },
          "sensitive_attributes": [],
          "private": "bnVsbA==",
          "dependencies": [
            "aws_autoscaling_group.eng103a_project_asg",
            "aws_launch_template.eng103a_project_launch_configuration",
            "data.template_file.eng103a_project_template_file"
          ]
        }
      ]
    },
    {
      "mode": "managed",
      "type": "aws_autoscaling_policy",
      "name": "eng103a_project_scale_up",
      "provider": "provider[\"registry.terraform.io/hashicorp/aws\"]",
      "instances": [
        {
          "schema_version": 0,
          "attributes": {
            "adjustment_type": "ChangeInCapacity",
            "arn": "arn:aws:autoscaling:eu-west-1:135928476890:scalingPolicy:9950eea5-c979-4124-b034-70e0b722c8f6:autoScalingGroupName/eng103a_project_asg:policyName/eng103a_project_scale_up",
            "autoscaling_group_name": "eng103a_project_asg",
            "cooldown": 300,
            "estimated_instance_warmup": 0,
            "id": "eng103a_project_scale_up",
            "metric_aggregation_type": "",
            "min_adjustment_magnitude": null,
            "name": "eng103a_project_scale_up",
            "policy_type": "SimpleScaling",
            "predictive_scaling_configuration": [],
            "scaling_adjustment": 1,
            "step_adjustment": [],
            "target_tracking_configuration": []
          },
          "sensitive_attributes": [],
          "private": "bnVsbA==",
          "dependencies": [
            "aws_autoscaling_group.eng103a_project_asg",
            "aws_launch_template.eng103a_project_launch_configuration",
            "data.template_file.eng103a_project_template_file"
          ]
        }
      ]
    },
    {
      "mode": "managed",
      "type": "aws_cloudwatch_metric_alarm",
      "name": "eng103a_project_scale_down_alarm",
      "provider": "provider[\"registry.terraform.io/hashicorp/aws\"]",
      "instances": [
        {
          "schema_version": 1,
          "attributes": {
            "actions_enabled": true,
            "alarm_actions": [
              "arn:aws:autoscaling:eu-west-1:135928476890:scalingPolicy:9bc02417-e54a-4172-a8bc-3e3578629a4e:autoScalingGroupName/eng103a_project_asg:policyName/eng103a_project_scale_down"
            ],
            "alarm_description": "Monitors CPU utilization for Application",
            "alarm_name": "eng103a_project_scale_down",
            "arn": "arn:aws:cloudwatch:eu-west-1:135928476890:alarm:eng103a_project_scale_down",
            "comparison_operator": "GreaterThanOrEqualToThreshold",
            "datapoints_to_alarm": 0,
            "dimensions": {
              "AutoScalingGroupName": "eng103a_project_asg"
            },
            "evaluate_low_sample_count_percentiles": "",
            "evaluation_periods": 1,
            "extended_statistic": "",
            "id": "eng103a_project_scale_down",
            "insufficient_data_actions": [],
            "metric_name": "CPUUtilization",
            "metric_query": [],
            "namespace": "AWS/EC2",
            "ok_actions": [],
            "period": 120,
            "statistic": "Average",
            "tags": {},
            "tags_all": {},
            "threshold": 30,
            "threshold_metric_id": "",
            "treat_missing_data": "missing",
            "unit": ""
          },
          "sensitive_attributes": [],
          "private": "eyJzY2hlbWFfdmVyc2lvbiI6IjEifQ==",
          "dependencies": [
            "aws_autoscaling_group.eng103a_project_asg",
            "aws_autoscaling_policy.eng103a_project_scale_down",
            "aws_launch_template.eng103a_project_launch_configuration",
            "data.template_file.eng103a_project_template_file"
          ]
        }
      ]
    },
    {
      "mode": "managed",
      "type": "aws_cloudwatch_metric_alarm",
      "name": "eng103a_project_scale_up_alarm",
      "provider": "provider[\"registry.terraform.io/hashicorp/aws\"]",
      "instances": [
        {
          "schema_version": 1,
          "attributes": {
            "actions_enabled": true,
            "alarm_actions": [
              "arn:aws:autoscaling:eu-west-1:135928476890:scalingPolicy:9950eea5-c979-4124-b034-70e0b722c8f6:autoScalingGroupName/eng103a_project_asg:policyName/eng103a_project_scale_up"
            ],
            "alarm_description": "Monitors CPU utilization for Application",
            "alarm_name": "eng103a_project_scale_up",
            "arn": "arn:aws:cloudwatch:eu-west-1:135928476890:alarm:eng103a_project_scale_up",
            "comparison_operator": "GreaterThanOrEqualToThreshold",
            "datapoints_to_alarm": 0,
            "dimensions": {
              "AutoScalingGroupName": "eng103a_project_asg"
            },
            "evaluate_low_sample_count_percentiles": "",
            "evaluation_periods": 1,
            "extended_statistic": "",
            "id": "eng103a_project_scale_up",
            "insufficient_data_actions": [],
            "metric_name": "CPUUtilization",
            "metric_query": [],
            "namespace": "AWS/EC2",
            "ok_actions": [],
            "period": 120,
            "statistic": "Average",
            "tags": {},
            "tags_all": {},
            "threshold": 50,
            "threshold_metric_id": "",
            "treat_missing_data": "missing",
            "unit": ""
          },
          "sensitive_attributes": [],
          "private": "eyJzY2hlbWFfdmVyc2lvbiI6IjEifQ==",
          "dependencies": [
            "aws_autoscaling_group.eng103a_project_asg",
            "aws_autoscaling_policy.eng103a_project_scale_up",
            "aws_launch_template.eng103a_project_launch_configuration",
            "data.template_file.eng103a_project_template_file"
          ]
        }
      ]
    },
    {
      "mode": "managed",
      "type": "aws_launch_configuration",
      "name": "eng103a_project_launch_configuration",
      "provider": "provider[\"registry.terraform.io/hashicorp/aws\"]",
      "instances": [
        {
          "schema_version": 0,
          "attributes": {
            "arn": "arn:aws:autoscaling:eu-west-1:135928476890:launchConfiguration:6fc86f14-e362-48f3-80e3-f5f59927cb54:launchConfigurationName/eng103a-lc-20220310115408990200000001",
            "associate_public_ip_address": false,
            "ebs_block_device": [],
            "ebs_optimized": false,
            "enable_monitoring": true,
            "ephemeral_block_device": [],
            "iam_instance_profile": "",
            "id": "eng103a-lc-20220310115408990200000001",
            "image_id": "ami-01dd530743d8d9302",
            "instance_type": "t2.medium",
            "key_name": "eng103a_project",
            "metadata_options": [],
            "name": "eng103a-lc-20220310115408990200000001",
            "name_prefix": "eng103a-lc-",
            "placement_tenancy": null,
            "root_block_device": [
              {
                "delete_on_termination": true,
                "encrypted": false,
                "iops": 0,
                "throughput": 0,
                "volume_size": 20,
                "volume_type": "gp2"
              }
            ],
            "security_groups": [
              "sg-0d6ce5401866a0b04"
            ],
            "spot_price": "",
            "user_data": null,
            "user_data_base64": null,
            "vpc_classic_link_id": "",
            "vpc_classic_link_security_groups": []
          },
          "sensitive_attributes": [],
          "private": "bnVsbA==",
          "create_before_destroy": true
        }
      ]
    },
    {
      "mode": "managed",
      "type": "aws_launch_template",
      "name": "eng103a_project_launch_configuration",
      "provider": "provider[\"registry.terraform.io/hashicorp/aws\"]",
      "instances": [
        {
          "schema_version": 0,
          "attributes": {
            "arn": "arn:aws:ec2:eu-west-1:135928476890:launch-template/lt-02e05b8f24205a2c8",
            "block_device_mappings": [
              {
                "device_name": "/dev/sda",
                "ebs": [
                  {
                    "delete_on_termination": "",
                    "encrypted": "",
                    "iops": 0,
                    "kms_key_id": "",
                    "snapshot_id": "",
                    "throughput": 0,
                    "volume_size": 20,
                    "volume_type": "gp2"
                  }
                ],
                "no_device": "",
                "virtual_name": ""
              }
            ],
            "capacity_reservation_specification": [],
            "cpu_options": [],
            "credit_specification": [],
            "default_version": 1,
            "description": "",
            "disable_api_termination": false,
            "ebs_optimized": "",
            "elastic_gpu_specifications": [],
            "elastic_inference_accelerator": [],
            "enclave_options": [],
            "hibernation_options": [],
            "iam_instance_profile": [],
            "id": "lt-02e05b8f24205a2c8",
            "image_id": "ami-01dd530743d8d9302",
            "instance_initiated_shutdown_behavior": "",
            "instance_market_options": [],
            "instance_type": "t2.micro",
            "kernel_id": "",
            "key_name": "eng103a_project",
            "latest_version": 1,
            "license_specification": [],
            "metadata_options": [],
            "monitoring": [],
            "name": "eng103a-lc-20220310123602647800000001",
            "name_prefix": "eng103a-lc-",
            "network_interfaces": [],
            "placement": [],
            "ram_disk_id": "",
            "security_group_names": null,
            "tag_specifications": [],
            "tags": null,
            "tags_all": {},
            "update_default_version": null,
            "user_data": "ICAjIS9iaW4vYmFzaA0KDQogIHN1ZG8gc3UNCg0KICBrdWJlYWRtIGpvaW4gMTAuMC4xMC44NDo2NDQzIC0tdG9rZW4gdG5hNXd5Lmt3dXd2amUyaHRtcW51dW4gLS1kaXNjb3ZlcnktdG9rZW4tY2EtY2VydC1oYXNoIHNoYTI1NjphMzRhYTlmYjgxM2E4NjM3OWRmNTZjNTcxNjFlZGNkMWZkNTE2YjIwN2Y4N2IzNjA3NmUzMzc5MjFmMDdjNmEwDQo=",
            "vpc_security_group_ids": [
              "sg-0d6ce5401866a0b04"
            ]
          },
          "sensitive_attributes": [],
          "private": "bnVsbA==",
          "dependencies": [
            "data.template_file.eng103a_project_template_file"
          ],
          "create_before_destroy": true
        }
      ]
    },
    {
      "mode": "managed",
      "type": "aws_lb",
      "name": "eng103a_project_lb",
      "provider": "provider[\"registry.terraform.io/hashicorp/aws\"]",
      "instances": [
        {
          "schema_version": 0,
          "attributes": {
            "access_logs": [
              {
                "bucket": "",
                "enabled": false,
                "prefix": ""
              }
            ],
            "arn": "arn:aws:elasticloadbalancing:eu-west-1:135928476890:loadbalancer/app/eng103a-project-lb/35a78639ebdf305c",
            "arn_suffix": "app/eng103a-project-lb/35a78639ebdf305c",
            "customer_owned_ipv4_pool": "",
            "desync_mitigation_mode": "defensive",
            "dns_name": "eng103a-project-lb-465160102.eu-west-1.elb.amazonaws.com",
            "drop_invalid_header_fields": false,
            "enable_cross_zone_load_balancing": null,
            "enable_deletion_protection": false,
            "enable_http2": true,
            "enable_waf_fail_open": false,
            "id": "arn:aws:elasticloadbalancing:eu-west-1:135928476890:loadbalancer/app/eng103a-project-lb/35a78639ebdf305c",
            "idle_timeout": 60,
            "internal": false,
            "ip_address_type": "ipv4",
            "load_balancer_type": "application",
            "name": "eng103a-project-lb",
            "name_prefix": null,
            "security_groups": [
              "sg-0d6ce5401866a0b04"
            ],
            "subnet_mapping": [
              {
                "allocation_id": "",
                "ipv6_address": "",
                "outpost_id": "",
                "private_ipv4_address": "",
                "subnet_id": "subnet-065a0ff785a6dc741"
              },
              {
                "allocation_id": "",
                "ipv6_address": "",
                "outpost_id": "",
                "private_ipv4_address": "",
                "subnet_id": "subnet-073c40b770af80fab"
              },
              {
                "allocation_id": "",
                "ipv6_address": "",
                "outpost_id": "",
                "private_ipv4_address": "",
                "subnet_id": "subnet-0adf364d7af02a159"
              }
            ],
            "subnets": [
              "subnet-065a0ff785a6dc741",
              "subnet-073c40b770af80fab",
              "subnet-0adf364d7af02a159"
            ],
            "tags": {
              "Name": "eng103a_project_lb"
            },
            "tags_all": {
              "Name": "eng103a_project_lb"
            },
            "timeouts": null,
            "vpc_id": "vpc-092baf0cb22ee569f",
            "zone_id": "Z32O12XQLNTSW2"
          },
          "sensitive_attributes": [],
          "private": "eyJlMmJmYjczMC1lY2FhLTExZTYtOGY4OC0zNDM2M2JjN2M0YzAiOnsiY3JlYXRlIjo2MDAwMDAwMDAwMDAsImRlbGV0ZSI6NjAwMDAwMDAwMDAwLCJ1cGRhdGUiOjYwMDAwMDAwMDAwMH19"
        }
      ]
    },
    {
      "mode": "managed",
      "type": "aws_lb_listener",
      "name": "eng103a_project_lb_listener",
      "provider": "provider[\"registry.terraform.io/hashicorp/aws\"]",
      "instances": [
        {
          "schema_version": 0,
          "attributes": {
            "alpn_policy": null,
            "arn": "arn:aws:elasticloadbalancing:eu-west-1:135928476890:listener/app/eng103a-project-lb/35a78639ebdf305c/95b302534cbebbe2",
            "certificate_arn": null,
            "default_action": [
              {
                "authenticate_cognito": [],
                "authenticate_oidc": [],
                "fixed_response": [],
                "forward": [],
                "order": 1,
                "redirect": [],
                "target_group_arn": "arn:aws:elasticloadbalancing:eu-west-1:135928476890:targetgroup/eng103a-project-asg/fc0fce84f7ab3e66",
                "type": "forward"
              }
            ],
            "id": "arn:aws:elasticloadbalancing:eu-west-1:135928476890:listener/app/eng103a-project-lb/35a78639ebdf305c/95b302534cbebbe2",
            "load_balancer_arn": "arn:aws:elasticloadbalancing:eu-west-1:135928476890:loadbalancer/app/eng103a-project-lb/35a78639ebdf305c",
            "port": 80,
            "protocol": "HTTP",
            "ssl_policy": "",
            "tags": {},
            "tags_all": {},
            "timeouts": null
          },
          "sensitive_attributes": [],
          "private": "eyJlMmJmYjczMC1lY2FhLTExZTYtOGY4OC0zNDM2M2JjN2M0YzAiOnsicmVhZCI6NjAwMDAwMDAwMDAwfX0=",
          "dependencies": [
            "aws_lb.eng103a_project_lb",
            "aws_lb_target_group.eng103a_project_target_group"
          ]
        }
      ]
    },
    {
      "mode": "managed",
      "type": "aws_lb_target_group",
      "name": "eng103a_project_target_group",
      "provider": "provider[\"registry.terraform.io/hashicorp/aws\"]",
      "instances": [
        {
          "schema_version": 0,
          "attributes": {
            "arn": "arn:aws:elasticloadbalancing:eu-west-1:135928476890:targetgroup/eng103a-project-asg/fc0fce84f7ab3e66",
            "arn_suffix": "targetgroup/eng103a-project-asg/fc0fce84f7ab3e66",
            "connection_termination": false,
            "deregistration_delay": "300",
            "health_check": [
              {
                "enabled": true,
                "healthy_threshold": 5,
                "interval": 30,
                "matcher": "200",
                "path": "/",
                "port": "traffic-port",
                "protocol": "HTTP",
                "timeout": 5,
                "unhealthy_threshold": 2
              }
            ],
            "id": "arn:aws:elasticloadbalancing:eu-west-1:135928476890:targetgroup/eng103a-project-asg/fc0fce84f7ab3e66",
            "lambda_multi_value_headers_enabled": false,
            "load_balancing_algorithm_type": "round_robin",
            "name": "eng103a-project-asg",
            "name_prefix": null,
            "port": 80,
            "preserve_client_ip": null,
            "protocol": "HTTP",
            "protocol_version": "HTTP1",
            "proxy_protocol_v2": false,
            "slow_start": 0,
            "stickiness": [
              {
                "cookie_duration": 86400,
                "cookie_name": "",
                "enabled": false,
                "type": "lb_cookie"
              }
            ],
            "tags": {},
            "tags_all": {},
            "target_type": "instance",
            "vpc_id": "vpc-092baf0cb22ee569f"
          },
          "sensitive_attributes": [],
          "private": "bnVsbA=="
        }
      ]
    }
  ]
}
